
Microsoft Visual Studio Solution File, Format Version 12.00
# Visual Studio Version 17
VisualStudioVersion = 17.1.32228.430
MinimumVisualStudioVersion = 10.0.40219.1
Project("{8BC9CEB8-8B4A-11D0-8D11-00A0C91BC942}") = "Bubble Sort", "Bubble Sort\Bubble Sort.vcxproj", "{6E4CEED5-83EB-402B-9C42-CFF6C825E625}"
EndProject
Project("{8BC9CEB8-8B4A-11D0-8D11-00A0C91BC942}") = "Shaker Sort", "Shaker Sort\Shaker Sort.vcxproj", "{E491EECE-8A4D-48CF-AD1D-B0FDA182D956}"
EndProject
Project("{8BC9CEB8-8B4A-11D0-8D11-00A0C91BC942}") = "Comb Sort", "Comb Sort\Comb Sort.vcxproj", "{3042EC08-3E43-4116-AAEE-5FD51AD5FB2D}"
EndProject
Project("{8BC9CEB8-8B4A-11D0-8D11-00A0C91BC942}") = "Insertion Sort", "Insertion Sort\Insertion Sort.vcxproj", "{E38E8A2F-6521-4663-9494-11CB49A1FD20}"
EndProject
Project("{8BC9CEB8-8B4A-11D0-8D11-00A0C91BC942}") = "Tree Sort", "Tree Sort\Tree Sort.vcxproj", "{017BBE03-C610-4004-B1B7-1D4166637D9E}"
EndProject
Project("{8BC9CEB8-8B4A-11D0-8D11-00A0C91BC942}") = "Gnome Sort", "Gnome Sort\Gnome Sort.vcxproj", "{57959061-97D6-46A4-8C7D-77FE861BBEC1}"
EndProject
Project("{8BC9CEB8-8B4A-11D0-8D11-00A0C91BC942}") = "Selection Sort", "Selection Sort\Selection Sort.vcxproj", "{780AEBD3-38DD-4A70-B0ED-A8A318066786}"
EndProject
Project("{8BC9CEB8-8B4A-11D0-8D11-00A0C91BC942}") = "Heap Sort", "Heap Sort\Heap Sort.vcxproj", "{E482237D-2AEA-489A-9AA4-349DEEDE607A}"
EndProject
Project("{8BC9CEB8-8B4A-11D0-8D11-00A0C91BC942}") = "Quick Sort", "Quick Sort\Quick Sort.vcxproj", "{7E9B7A68-011A-4E7A-B3D9-540797612B66}"
EndProject
Project("{8BC9CEB8-8B4A-11D0-8D11-00A0C91BC942}") = "Merge Sort", "Merge Sort\Merge Sort.vcxproj", "{C975DC27-8E1E-41FD-B552-CEE4A0CD2696}"
EndProject
Project("{8BC9CEB8-8B4A-11D0-8D11-00A0C91BC942}") = "Counting Sort", "Counting Sort\Counting Sort.vcxproj", "{9ABDE479-BC1B-43C0-93A2-9536C97743E5}"
EndProject
Global
	GlobalSection(SolutionConfigurationPlatforms) = preSolution
		Debug|x64 = Debug|x64
		Debug|x86 = Debug|x86
		Release|x64 = Release|x64
		Release|x86 = Release|x86
	EndGlobalSection
	GlobalSection(ProjectConfigurationPlatforms) = postSolution
		{6E4CEED5-83EB-402B-9C42-CFF6C825E625}.Debug|x64.ActiveCfg = Debug|x64
		{6E4CEED5-83EB-402B-9C42-CFF6C825E625}.Debug|x64.Build.0 = Debug|x64
		{6E4CEED5-83EB-402B-9C42-CFF6C825E625}.Debug|x86.ActiveCfg = Debug|Win32
		{6E4CEED5-83EB-402B-9C42-CFF6C825E625}.Debug|x86.Build.0 = Debug|Win32
		{6E4CEED5-83EB-402B-9C42-CFF6C825E625}.Release|x64.ActiveCfg = Release|x64
		{6E4CEED5-83EB-402B-9C42-CFF6C825E625}.Release|x64.Build.0 = Release|x64
		{6E4CEED5-83EB-402B-9C42-CFF6C825E625}.Release|x86.ActiveCfg = Release|Win32
		{6E4CEED5-83EB-402B-9C42-CFF6C825E625}.Release|x86.Build.0 = Release|Win32
		{E491EECE-8A4D-48CF-AD1D-B0FDA182D956}.Debug|x64.ActiveCfg = Debug|x64
		{E491EECE-8A4D-48CF-AD1D-B0FDA182D956}.Debug|x64.Build.0 = Debug|x64
		{E491EECE-8A4D-48CF-AD1D-B0FDA182D956}.Debug|x86.ActiveCfg = Debug|Win32
		{E491EECE-8A4D-48CF-AD1D-B0FDA182D956}.Debug|x86.Build.0 = Debug|Win32
		{E491EECE-8A4D-48CF-AD1D-B0FDA182D956}.Release|x64.ActiveCfg = Release|x64
		{E491EECE-8A4D-48CF-AD1D-B0FDA182D956}.Release|x64.Build.0 = Release|x64
		{E491EECE-8A4D-48CF-AD1D-B0FDA182D956}.Release|x86.ActiveCfg = Release|Win32
		{E491EECE-8A4D-48CF-AD1D-B0FDA182D956}.Release|x86.Build.0 = Release|Win32
		{3042EC08-3E43-4116-AAEE-5FD51AD5FB2D}.Debug|x64.ActiveCfg = Debug|x64
		{3042EC08-3E43-4116-AAEE-5FD51AD5FB2D}.Debug|x64.Build.0 = Debug|x64
		{3042EC08-3E43-4116-AAEE-5FD51AD5FB2D}.Debug|x86.ActiveCfg = Debug|Win32
		{3042EC08-3E43-4116-AAEE-5FD51AD5FB2D}.Debug|x86.Build.0 = Debug|Win32
		{3042EC08-3E43-4116-AAEE-5FD51AD5FB2D}.Release|x64.ActiveCfg = Release|x64
		{3042EC08-3E43-4116-AAEE-5FD51AD5FB2D}.Release|x64.Build.0 = Release|x64
		{3042EC08-3E43-4116-AAEE-5FD51AD5FB2D}.Release|x86.ActiveCfg = Release|Win32
		{3042EC08-3E43-4116-AAEE-5FD51AD5FB2D}.Release|x86.Build.0 = Release|Win32
		{E38E8A2F-6521-4663-9494-11CB49A1FD20}.Debug|x64.ActiveCfg = Debug|x64
		{E38E8A2F-6521-4663-9494-11CB49A1FD20}.Debug|x64.Build.0 = Debug|x64
		{E38E8A2F-6521-4663-9494-11CB49A1FD20}.Debug|x86.ActiveCfg = Debug|Win32
		{E38E8A2F-6521-4663-9494-11CB49A1FD20}.Debug|x86.Build.0 = Debug|Win32
		{E38E8A2F-6521-4663-9494-11CB49A1FD20}.Release|x64.ActiveCfg = Release|x64
		{E38E8A2F-6521-4663-9494-11CB49A1FD20}.Release|x64.Build.0 = Release|x64
		{E38E8A2F-6521-4663-9494-11CB49A1FD20}.Release|x86.ActiveCfg = Release|Win32
		{E38E8A2F-6521-4663-9494-11CB49A1FD20}.Release|x86.Build.0 = Release|Win32
		{017BBE03-C610-4004-B1B7-1D4166637D9E}.Debug|x64.ActiveCfg = Debug|x64
		{017BBE03-C610-4004-B1B7-1D4166637D9E}.Debug|x64.Build.0 = Debug|x64
		{017BBE03-C610-4004-B1B7-1D4166637D9E}.Debug|x86.ActiveCfg = Debug|Win32
		{017BBE03-C610-4004-B1B7-1D4166637D9E}.Debug|x86.Build.0 = Debug|Win32
		{017BBE03-C610-4004-B1B7-1D4166637D9E}.Release|x64.ActiveCfg = Release|x64
		{017BBE03-C610-4004-B1B7-1D4166637D9E}.Release|x64.Build.0 = Release|x64
		{017BBE03-C610-4004-B1B7-1D4166637D9E}.Release|x86.ActiveCfg = Release|Win32
		{017BBE03-C610-4004-B1B7-1D4166637D9E}.Release|x86.Build.0 = Release|Win32
		{57959061-97D6-46A4-8C7D-77FE861BBEC1}.Debug|x64.ActiveCfg = Debug|x64
		{57959061-97D6-46A4-8C7D-77FE861BBEC1}.Debug|x64.Build.0 = Debug|x64
		{57959061-97D6-46A4-8C7D-77FE861BBEC1}.Debug|x86.ActiveCfg = Debug|Win32
		{57959061-97D6-46A4-8C7D-77FE861BBEC1}.Debug|x86.Build.0 = Debug|Win32
		{57959061-97D6-46A4-8C7D-77FE861BBEC1}.Release|x64.ActiveCfg = Release|x64
		{57959061-97D6-46A4-8C7D-77FE861BBEC1}.Release|x64.Build.0 = Release|x64
		{57959061-97D6-46A4-8C7D-77FE861BBEC1}.Release|x86.ActiveCfg = Release|Win32
		{57959061-97D6-46A4-8C7D-77FE861BBEC1}.Release|x86.Build.0 = Release|Win32
		{780AEBD3-38DD-4A70-B0ED-A8A318066786}.Debug|x64.ActiveCfg = Debug|x64
		{780AEBD3-38DD-4A70-B0ED-A8A318066786}.Debug|x64.Build.0 = Debug|x64
		{780AEBD3-38DD-4A70-B0ED-A8A318066786}.Debug|x86.ActiveCfg = Debug|Win32
		{780AEBD3-38DD-4A70-B0ED-A8A318066786}.Debug|x86.Build.0 = Debug|Win32
		{780AEBD3-38DD-4A70-B0ED-A8A318066786}.Release|x64.ActiveCfg = Release|x64
		{780AEBD3-38DD-4A70-B0ED-A8A318066786}.Release|x64.Build.0 = Release|x64
		{780AEBD3-38DD-4A70-B0ED-A8A318066786}.Release|x86.ActiveCfg = Release|Win32
		{780AEBD3-38DD-4A70-B0ED-A8A318066786}.Release|x86.Build.0 = Release|Win32
		{E482237D-2AEA-489A-9AA4-349DEEDE607A}.Debug|x64.ActiveCfg = Debug|x64
		{E482237D-2AEA-489A-9AA4-349DEEDE607A}.Debug|x64.Build.0 = Debug|x64
		{E482237D-2AEA-489A-9AA4-349DEEDE607A}.Debug|x86.ActiveCfg = Debug|Win32
		{E482237D-2AEA-489A-9AA4-349DEEDE607A}.Debug|x86.Build.0 = Debug|Win32
		{E482237D-2AEA-489A-9AA4-349DEEDE607A}.Release|x64.ActiveCfg = Release|x64
		{E482237D-2AEA-489A-9AA4-349DEEDE607A}.Release|x64.Build.0 = Release|x64
		{E482237D-2AEA-489A-9AA4-349DEEDE607A}.Release|x86.ActiveCfg = Release|Win32
		{E482237D-2AEA-489A-9AA4-349DEEDE607A}.Release|x86.Build.0 = Release|Win32
		{7E9B7A68-011A-4E7A-B3D9-540797612B66}.Debug|x64.ActiveCfg = Debug|x64
		{7E9B7A68-011A-4E7A-B3D9-540797612B66}.Debug|x64.Build.0 = Debug|x64
		{7E9B7A68-011A-4E7A-B3D9-540797612B66}.Debug|x86.ActiveCfg = Debug|Win32
		{7E9B7A68-011A-4E7A-B3D9-540797612B66}.Debug|x86.Build.0 = Debug|Win32
		{7E9B7A68-011A-4E7A-B3D9-540797612B66}.Release|x64.ActiveCfg = Release|x64
		{7E9B7A68-011A-4E7A-B3D9-540797612B66}.Release|x64.Build.0 = Release|x64
		{7E9B7A68-011A-4E7A-B3D9-540797612B66}.Release|x86.ActiveCfg = Release|Win32
		{7E9B7A68-011A-4E7A-B3D9-540797612B66}.Release|x86.Build.0 = Release|Win32
		{C975DC27-8E1E-41FD-B552-CEE4A0CD2696}.Debug|x64.ActiveCfg = Debug|x64
		{C975DC27-8E1E-41FD-B552-CEE4A0CD2696}.Debug|x64.Build.0 = Debug|x64
		{C975DC27-8E1E-41FD-B552-CEE4A0CD2696}.Debug|x86.ActiveCfg = Debug|Win32
		{C975DC27-8E1E-41FD-B552-CEE4A0CD2696}.Debug|x86.Build.0 = Debug|Win32
		{C975DC27-8E1E-41FD-B552-CEE4A0CD2696}.Release|x64.ActiveCfg = Release|x64
		{C975DC27-8E1E-41FD-B552-CEE4A0CD2696}.Release|x64.Build.0 = Release|x64
		{C975DC27-8E1E-41FD-B552-CEE4A0CD2696}.Release|x86.ActiveCfg = Release|Win32
		{C975DC27-8E1E-41FD-B552-CEE4A0CD2696}.Release|x86.Build.0 = Release|Win32
		{9ABDE479-BC1B-43C0-93A2-9536C97743E5}.Debug|x64.ActiveCfg = Debug|x64
		{9ABDE479-BC1B-43C0-93A2-9536C97743E5}.Debug|x64.Build.0 = Debug|x64
		{9ABDE479-BC1B-43C0-93A2-9536C97743E5}.Debug|x86.ActiveCfg = Debug|Win32
		{9ABDE479-BC1B-43C0-93A2-9536C97743E5}.Debug|x86.Build.0 = Debug|Win32
		{9ABDE479-BC1B-43C0-93A2-9536C97743E5}.Release|x64.ActiveCfg = Release|x64
		{9ABDE479-BC1B-43C0-93A2-9536C97743E5}.Release|x64.Build.0 = Release|x64
		{9ABDE479-BC1B-43C0-93A2-9536C97743E5}.Release|x86.ActiveCfg = Release|Win32
		{9ABDE479-BC1B-43C0-93A2-9536C97743E5}.Release|x86.Build.0 = Release|Win32
	EndGlobalSection
	GlobalSection(SolutionProperties) = preSolution
		HideSolutionNode = FALSE
	EndGlobalSection
	GlobalSection(ExtensibilityGlobals) = postSolution
		SolutionGuid = {3360570B-694F-41C8-B533-BAAA8E812CBE}
	EndGlobalSection
EndGlobal
