
Microsoft Visual Studio Solution File, Format Version 12.00
# Visual Studio Version 17
VisualStudioVersion = 17.1.32228.430
MinimumVisualStudioVersion = 10.0.40219.1
Project("{8BC9CEB8-8B4A-11D0-8D11-00A0C91BC942}") = "Bubble Sort", "Bubble Sort\Bubble Sort.vcxproj", "{6E4CEED5-83EB-402B-9C42-CFF6C825E625}"
EndProject
Project("{8BC9CEB8-8B4A-11D0-8D11-00A0C91BC942}") = "Shaker Sort", "Shaker Sort\Shaker Sort.vcxproj", "{E491EECE-8A4D-48CF-AD1D-B0FDA182D956}"
EndProject
Project("{8BC9CEB8-8B4A-11D0-8D11-00A0C91BC942}") = "Comb Sort", "Comb Sort\Comb Sort.vcxproj", "{3042EC08-3E43-4116-AAEE-5FD51AD5FB2D}"
EndProject
Global
	GlobalSection(SolutionConfigurationPlatforms) = preSolution
		Debug|x64 = Debug|x64
		Debug|x86 = Debug|x86
		Release|x64 = Release|x64
		Release|x86 = Release|x86
	EndGlobalSection
	GlobalSection(ProjectConfigurationPlatforms) = postSolution
		{6E4CEED5-83EB-402B-9C42-CFF6C825E625}.Debug|x64.ActiveCfg = Debug|x64
		{6E4CEED5-83EB-402B-9C42-CFF6C825E625}.Debug|x64.Build.0 = Debug|x64
		{6E4CEED5-83EB-402B-9C42-CFF6C825E625}.Debug|x86.ActiveCfg = Debug|Win32
		{6E4CEED5-83EB-402B-9C42-CFF6C825E625}.Debug|x86.Build.0 = Debug|Win32
		{6E4CEED5-83EB-402B-9C42-CFF6C825E625}.Release|x64.ActiveCfg = Release|x64
		{6E4CEED5-83EB-402B-9C42-CFF6C825E625}.Release|x64.Build.0 = Release|x64
		{6E4CEED5-83EB-402B-9C42-CFF6C825E625}.Release|x86.ActiveCfg = Release|Win32
		{6E4CEED5-83EB-402B-9C42-CFF6C825E625}.Release|x86.Build.0 = Release|Win32
		{E491EECE-8A4D-48CF-AD1D-B0FDA182D956}.Debug|x64.ActiveCfg = Debug|x64
		{E491EECE-8A4D-48CF-AD1D-B0FDA182D956}.Debug|x64.Build.0 = Debug|x64
		{E491EECE-8A4D-48CF-AD1D-B0FDA182D956}.Debug|x86.ActiveCfg = Debug|Win32
		{E491EECE-8A4D-48CF-AD1D-B0FDA182D956}.Debug|x86.Build.0 = Debug|Win32
		{E491EECE-8A4D-48CF-AD1D-B0FDA182D956}.Release|x64.ActiveCfg = Release|x64
		{E491EECE-8A4D-48CF-AD1D-B0FDA182D956}.Release|x64.Build.0 = Release|x64
		{E491EECE-8A4D-48CF-AD1D-B0FDA182D956}.Release|x86.ActiveCfg = Release|Win32
		{E491EECE-8A4D-48CF-AD1D-B0FDA182D956}.Release|x86.Build.0 = Release|Win32
		{3042EC08-3E43-4116-AAEE-5FD51AD5FB2D}.Debug|x64.ActiveCfg = Debug|x64
		{3042EC08-3E43-4116-AAEE-5FD51AD5FB2D}.Debug|x64.Build.0 = Debug|x64
		{3042EC08-3E43-4116-AAEE-5FD51AD5FB2D}.Debug|x86.ActiveCfg = Debug|Win32
		{3042EC08-3E43-4116-AAEE-5FD51AD5FB2D}.Debug|x86.Build.0 = Debug|Win32
		{3042EC08-3E43-4116-AAEE-5FD51AD5FB2D}.Release|x64.ActiveCfg = Release|x64
		{3042EC08-3E43-4116-AAEE-5FD51AD5FB2D}.Release|x64.Build.0 = Release|x64
		{3042EC08-3E43-4116-AAEE-5FD51AD5FB2D}.Release|x86.ActiveCfg = Release|Win32
		{3042EC08-3E43-4116-AAEE-5FD51AD5FB2D}.Release|x86.Build.0 = Release|Win32
	EndGlobalSection
	GlobalSection(SolutionProperties) = preSolution
		HideSolutionNode = FALSE
	EndGlobalSection
	GlobalSection(ExtensibilityGlobals) = postSolution
		SolutionGuid = {3360570B-694F-41C8-B533-BAAA8E812CBE}
	EndGlobalSection
EndGlobal
